
Microsoft Visual Studio Solution File, Format Version 12.00
# Visual Studio Version 17
VisualStudioVersion = 17.0.32112.339
MinimumVisualStudioVersion = 10.0.40219.1
Project("{9A19103F-16F7-4668-BE54-9A1E7A4F7556}") = "RandomWinners", "RandomWinners\RandomWinners.csproj", "{E37167D5-09BB-4269-B9E4-403758D70E4C}"
EndProject
Project("{9A19103F-16F7-4668-BE54-9A1E7A4F7556}") = "Domain", "NewDomain\Domain.csproj", "{917AC9DF-24BD-4B8E-B592-3393297511CD}"
EndProject
Project("{FAE04EC0-301F-11D3-BF4B-00C04F79EFBC}") = "TestRandomWinners", "TestRandomWinners\TestRandomWinners.csproj", "{83005F52-43F3-4850-BDAF-AB53D9D91714}"
EndProject
Global
	GlobalSection(SolutionConfigurationPlatforms) = preSolution
		Debug|Any CPU = Debug|Any CPU
		Release|Any CPU = Release|Any CPU
	EndGlobalSection
	GlobalSection(ProjectConfigurationPlatforms) = postSolution
		{E37167D5-09BB-4269-B9E4-403758D70E4C}.Debug|Any CPU.ActiveCfg = Debug|Any CPU
		{E37167D5-09BB-4269-B9E4-403758D70E4C}.Debug|Any CPU.Build.0 = Debug|Any CPU
		{E37167D5-09BB-4269-B9E4-403758D70E4C}.Release|Any CPU.ActiveCfg = Release|Any CPU
		{E37167D5-09BB-4269-B9E4-403758D70E4C}.Release|Any CPU.Build.0 = Release|Any CPU
		{917AC9DF-24BD-4B8E-B592-3393297511CD}.Debug|Any CPU.ActiveCfg = Debug|Any CPU
		{917AC9DF-24BD-4B8E-B592-3393297511CD}.Debug|Any CPU.Build.0 = Debug|Any CPU
		{917AC9DF-24BD-4B8E-B592-3393297511CD}.Release|Any CPU.ActiveCfg = Release|Any CPU
		{917AC9DF-24BD-4B8E-B592-3393297511CD}.Release|Any CPU.Build.0 = Release|Any CPU
		{83005F52-43F3-4850-BDAF-AB53D9D91714}.Debug|Any CPU.ActiveCfg = Debug|Any CPU
		{83005F52-43F3-4850-BDAF-AB53D9D91714}.Debug|Any CPU.Build.0 = Debug|Any CPU
		{83005F52-43F3-4850-BDAF-AB53D9D91714}.Release|Any CPU.ActiveCfg = Release|Any CPU
		{83005F52-43F3-4850-BDAF-AB53D9D91714}.Release|Any CPU.Build.0 = Release|Any CPU
	EndGlobalSection
	GlobalSection(SolutionProperties) = preSolution
		HideSolutionNode = FALSE
	EndGlobalSection
	GlobalSection(ExtensibilityGlobals) = postSolution
		SolutionGuid = {F1805F6E-D365-4E71-AE7A-8225EEED046A}
	EndGlobalSection
EndGlobal
